
Microsoft Visual Studio Solution File, Format Version 12.00
# Visual Studio Version 17
VisualStudioVersion = 17.5.2.0
MinimumVisualStudioVersion = 10.0.40219.1
Project("{FAE04EC0-301F-11D3-BF4B-00C04F79EFBC}") = "AMVA.REDRIO", "AMVA.REDRIO\AMVA.REDRIO.csproj", "{2BE64D8E-3546-FAB2-E4EB-7B7CD532096A}"
EndProject
Project("{FAE04EC0-301F-11D3-BF4B-00C04F79EFBC}") = "AMVA.REDRIO.Infrastructure", "AMVA.REDRIO.Infrastructure\AMVA.REDRIO.Infrastructure.csproj", "{EE11BF33-4228-4200-BCE8-4A12DEBAF283}"
EndProject
Project("{FAE04EC0-301F-11D3-BF4B-00C04F79EFBC}") = "AMVA.REDRIO.Core", "AMVA.REDRIO.Core\AMVA.REDRIO.Core.csproj", "{BB2194A3-040C-4A1A-AB2D-5E07BEEDD6AD}"
EndProject
Global
	GlobalSection(SolutionConfigurationPlatforms) = preSolution
		Debug|Any CPU = Debug|Any CPU
		Debug|x64 = Debug|x64
		Debug|x86 = Debug|x86
		Release|Any CPU = Release|Any CPU
		Release|x64 = Release|x64
		Release|x86 = Release|x86
	EndGlobalSection
	GlobalSection(ProjectConfigurationPlatforms) = postSolution
		{2BE64D8E-3546-FAB2-E4EB-7B7CD532096A}.Debug|Any CPU.ActiveCfg = Debug|Any CPU
		{2BE64D8E-3546-FAB2-E4EB-7B7CD532096A}.Debug|Any CPU.Build.0 = Debug|Any CPU
		{2BE64D8E-3546-FAB2-E4EB-7B7CD532096A}.Debug|x64.ActiveCfg = Debug|Any CPU
		{2BE64D8E-3546-FAB2-E4EB-7B7CD532096A}.Debug|x64.Build.0 = Debug|Any CPU
		{2BE64D8E-3546-FAB2-E4EB-7B7CD532096A}.Debug|x86.ActiveCfg = Debug|Any CPU
		{2BE64D8E-3546-FAB2-E4EB-7B7CD532096A}.Debug|x86.Build.0 = Debug|Any CPU
		{2BE64D8E-3546-FAB2-E4EB-7B7CD532096A}.Release|Any CPU.ActiveCfg = Release|Any CPU
		{2BE64D8E-3546-FAB2-E4EB-7B7CD532096A}.Release|Any CPU.Build.0 = Release|Any CPU
		{2BE64D8E-3546-FAB2-E4EB-7B7CD532096A}.Release|x64.ActiveCfg = Release|Any CPU
		{2BE64D8E-3546-FAB2-E4EB-7B7CD532096A}.Release|x64.Build.0 = Release|Any CPU
		{2BE64D8E-3546-FAB2-E4EB-7B7CD532096A}.Release|x86.ActiveCfg = Release|Any CPU
		{2BE64D8E-3546-FAB2-E4EB-7B7CD532096A}.Release|x86.Build.0 = Release|Any CPU
		{EE11BF33-4228-4200-BCE8-4A12DEBAF283}.Debug|Any CPU.ActiveCfg = Debug|Any CPU
		{EE11BF33-4228-4200-BCE8-4A12DEBAF283}.Debug|Any CPU.Build.0 = Debug|Any CPU
		{EE11BF33-4228-4200-BCE8-4A12DEBAF283}.Debug|x64.ActiveCfg = Debug|Any CPU
		{EE11BF33-4228-4200-BCE8-4A12DEBAF283}.Debug|x64.Build.0 = Debug|Any CPU
		{EE11BF33-4228-4200-BCE8-4A12DEBAF283}.Debug|x86.ActiveCfg = Debug|Any CPU
		{EE11BF33-4228-4200-BCE8-4A12DEBAF283}.Debug|x86.Build.0 = Debug|Any CPU
		{EE11BF33-4228-4200-BCE8-4A12DEBAF283}.Release|Any CPU.ActiveCfg = Release|Any CPU
		{EE11BF33-4228-4200-BCE8-4A12DEBAF283}.Release|Any CPU.Build.0 = Release|Any CPU
		{EE11BF33-4228-4200-BCE8-4A12DEBAF283}.Release|x64.ActiveCfg = Release|Any CPU
		{EE11BF33-4228-4200-BCE8-4A12DEBAF283}.Release|x64.Build.0 = Release|Any CPU
		{EE11BF33-4228-4200-BCE8-4A12DEBAF283}.Release|x86.ActiveCfg = Release|Any CPU
		{EE11BF33-4228-4200-BCE8-4A12DEBAF283}.Release|x86.Build.0 = Release|Any CPU
		{BB2194A3-040C-4A1A-AB2D-5E07BEEDD6AD}.Debug|Any CPU.ActiveCfg = Debug|Any CPU
		{BB2194A3-040C-4A1A-AB2D-5E07BEEDD6AD}.Debug|Any CPU.Build.0 = Debug|Any CPU
		{BB2194A3-040C-4A1A-AB2D-5E07BEEDD6AD}.Debug|x64.ActiveCfg = Debug|Any CPU
		{BB2194A3-040C-4A1A-AB2D-5E07BEEDD6AD}.Debug|x64.Build.0 = Debug|Any CPU
		{BB2194A3-040C-4A1A-AB2D-5E07BEEDD6AD}.Debug|x86.ActiveCfg = Debug|Any CPU
		{BB2194A3-040C-4A1A-AB2D-5E07BEEDD6AD}.Debug|x86.Build.0 = Debug|Any CPU
		{BB2194A3-040C-4A1A-AB2D-5E07BEEDD6AD}.Release|Any CPU.ActiveCfg = Release|Any CPU
		{BB2194A3-040C-4A1A-AB2D-5E07BEEDD6AD}.Release|Any CPU.Build.0 = Release|Any CPU
		{BB2194A3-040C-4A1A-AB2D-5E07BEEDD6AD}.Release|x64.ActiveCfg = Release|Any CPU
		{BB2194A3-040C-4A1A-AB2D-5E07BEEDD6AD}.Release|x64.Build.0 = Release|Any CPU
		{BB2194A3-040C-4A1A-AB2D-5E07BEEDD6AD}.Release|x86.ActiveCfg = Release|Any CPU
		{BB2194A3-040C-4A1A-AB2D-5E07BEEDD6AD}.Release|x86.Build.0 = Release|Any CPU
	EndGlobalSection
	GlobalSection(SolutionProperties) = preSolution
		HideSolutionNode = FALSE
	EndGlobalSection
	GlobalSection(ExtensibilityGlobals) = postSolution
		SolutionGuid = {690CD81B-1715-4AA2-B128-16A419C14A8F}
	EndGlobalSection
EndGlobal
